{
  "name": "@vshsolutions/aws-code-deploy",
  "version": "1.0.14",
  "lockfileVersion": 2,
  "requires": true,
  "packages": {
    "": {
      "name": "@vshsolutions/aws-code-deploy",
      "version": "1.0.14",
      "license": "MIT",
      "bin": {
        "aws-code-deploy": "bin/aws-code-deploy.sh"
      }
    }
  }
}
